
Microsoft Visual Studio Solution File, Format Version 12.00
# Visual Studio 15
VisualStudioVersion = 15.0.27703.2047
MinimumVisualStudioVersion = 10.0.40219.1
Project("{FAE04EC0-301F-11D3-BF4B-00C04F79EFBC}") = "DutchTreat", "DutchTreat\DutchTreat.csproj", "{138CDE9F-F115-4908-A81A-EBC2CB76C59A}"
EndProject
Global
	GlobalSection(SolutionConfigurationPlatforms) = preSolution
		Debug|Any CPU = Debug|Any CPU
		Release|Any CPU = Release|Any CPU
	EndGlobalSection
	GlobalSection(ProjectConfigurationPlatforms) = postSolution
		{138CDE9F-F115-4908-A81A-EBC2CB76C59A}.Debug|Any CPU.ActiveCfg = Debug|Any CPU
		{138CDE9F-F115-4908-A81A-EBC2CB76C59A}.Debug|Any CPU.Build.0 = Debug|Any CPU
		{138CDE9F-F115-4908-A81A-EBC2CB76C59A}.Release|Any CPU.ActiveCfg = Release|Any CPU
		{138CDE9F-F115-4908-A81A-EBC2CB76C59A}.Release|Any CPU.Build.0 = Release|Any CPU
	EndGlobalSection
	GlobalSection(SolutionProperties) = preSolution
		HideSolutionNode = FALSE
	EndGlobalSection
	GlobalSection(ExtensibilityGlobals) = postSolution
		SolutionGuid = {D21F7E80-AC43-42F8-B66D-0D71CC2C424F}
	EndGlobalSection
EndGlobal
