{
  "name": "asp.net",
  "version": "1.0.0",
  "lockfileVersion": 1,
  "requires": true,
  "dependencies": {
    "bootstrap": {
      "version": "4.1.3",
      "resolved": "https://registry.npmjs.org/bootstrap/-/bootstrap-4.1.3.tgz",
      "integrity": "sha1-DrNxryyESOjCEEEdDLgkpkCaEr4="
    },
    "font-awesome": {
      "version": "4.7.0",
      "resolved": "https://registry.npmjs.org/font-awesome/-/font-awesome-4.7.0.tgz",
      "integrity": "sha1-j6jPBBGhoxr9B7BtKQK7n8gVoTM="
    },
    "jquery": {
      "version": "3.3.1",
      "resolved": "https://registry.npmjs.org/jquery/-/jquery-3.3.1.tgz",
      "integrity": "sha1-lYzinoHJeQ8xvneS311NlfxX+8o="
    },
    "jquery-validation": {
      "version": "1.18.0",
      "resolved": "https://registry.npmjs.org/jquery-validation/-/jquery-validation-1.18.0.tgz",
      "integrity": "sha1-aYmPbN3D6O9YEd6E/4sj/CTZN3Y=",
      "requires": {
        "jquery": "^1.7 || ^2.0 || ^3.1"
      }
    },
    "jquery-validation-unobtrusive": {
      "version": "3.2.11",
      "resolved": "https://registry.npmjs.org/jquery-validation-unobtrusive/-/jquery-validation-unobtrusive-3.2.11.tgz",
      "integrity": "sha1-F17kY4A4Wg4z7TIPJV+tMh9o+fU=",
      "requires": {
        "jquery": ">=1.8",
        "jquery-validation": ">=1.16"
      }
    },
    "popper.js": {
      "version": "1.12.9",
      "resolved": "https://registry.npmjs.org/popper.js/-/popper.js-1.12.9.tgz",
      "integrity": "sha1-DfvC3/lsRRuzMu3Pz6r1ZtMx1bM="
    }
  }
}
